
Microsoft Visual Studio Solution File, Format Version 12.00
# Visual Studio Version 16
VisualStudioVersion = 16.0.28922.388
MinimumVisualStudioVersion = 10.0.40219.1
Project("{9A19103F-16F7-4668-BE54-9A1E7A4F7556}") = "SBMessageReceiverTest", "SBMessageReceiverTest.csproj", "{8BA6D304-6FC8-4C4A-B24A-B4949622A2A2}"
EndProject
Global
	GlobalSection(SolutionConfigurationPlatforms) = preSolution
		Debug|Any CPU = Debug|Any CPU
		Release|Any CPU = Release|Any CPU
	EndGlobalSection
	GlobalSection(ProjectConfigurationPlatforms) = postSolution
		{8BA6D304-6FC8-4C4A-B24A-B4949622A2A2}.Debug|Any CPU.ActiveCfg = Debug|Any CPU
		{8BA6D304-6FC8-4C4A-B24A-B4949622A2A2}.Debug|Any CPU.Build.0 = Debug|Any CPU
		{8BA6D304-6FC8-4C4A-B24A-B4949622A2A2}.Release|Any CPU.ActiveCfg = Release|Any CPU
		{8BA6D304-6FC8-4C4A-B24A-B4949622A2A2}.Release|Any CPU.Build.0 = Release|Any CPU
	EndGlobalSection
	GlobalSection(SolutionProperties) = preSolution
		HideSolutionNode = FALSE
	EndGlobalSection
	GlobalSection(ExtensibilityGlobals) = postSolution
		SolutionGuid = {99FFEF8F-9407-4C7B-B9AF-9149690DB529}
	EndGlobalSection
EndGlobal
